
Microsoft Visual Studio Solution File, Format Version 12.00
# Visual Studio Version 17
VisualStudioVersion = 17.5.33627.172
MinimumVisualStudioVersion = 10.0.40219.1
Project("{9A19103F-16F7-4668-BE54-9A1E7A4F7556}") = "WebApiJiraRedmineApi", "WebApiJiraRedmineApi\WebApiJiraRedmineApi.csproj", "{CFAA1243-BF3A-4002-B43E-A2BB55DE908E}"
EndProject
Project("{9A19103F-16F7-4668-BE54-9A1E7A4F7556}") = "WebApiJiraRedmineBiblioteca", "WebApiJiraRedmineBiblioteca\WebApiJiraRedmineBiblioteca.csproj", "{82AE6008-2D20-4B3D-A83E-5D1E14C5C68F}"
EndProject
Global
	GlobalSection(SolutionConfigurationPlatforms) = preSolution
		Debug|Any CPU = Debug|Any CPU
		Release|Any CPU = Release|Any CPU
	EndGlobalSection
	GlobalSection(ProjectConfigurationPlatforms) = postSolution
		{CFAA1243-BF3A-4002-B43E-A2BB55DE908E}.Debug|Any CPU.ActiveCfg = Debug|Any CPU
		{CFAA1243-BF3A-4002-B43E-A2BB55DE908E}.Debug|Any CPU.Build.0 = Debug|Any CPU
		{CFAA1243-BF3A-4002-B43E-A2BB55DE908E}.Release|Any CPU.ActiveCfg = Release|Any CPU
		{CFAA1243-BF3A-4002-B43E-A2BB55DE908E}.Release|Any CPU.Build.0 = Release|Any CPU
		{82AE6008-2D20-4B3D-A83E-5D1E14C5C68F}.Debug|Any CPU.ActiveCfg = Debug|Any CPU
		{82AE6008-2D20-4B3D-A83E-5D1E14C5C68F}.Debug|Any CPU.Build.0 = Debug|Any CPU
		{82AE6008-2D20-4B3D-A83E-5D1E14C5C68F}.Release|Any CPU.ActiveCfg = Release|Any CPU
		{82AE6008-2D20-4B3D-A83E-5D1E14C5C68F}.Release|Any CPU.Build.0 = Release|Any CPU
	EndGlobalSection
	GlobalSection(SolutionProperties) = preSolution
		HideSolutionNode = FALSE
	EndGlobalSection
	GlobalSection(ExtensibilityGlobals) = postSolution
		SolutionGuid = {6623A820-EEC5-4090-B31B-A5171C98B4FA}
	EndGlobalSection
EndGlobal
